
Microsoft Visual Studio Solution File, Format Version 12.00
# Visual Studio Version 16
VisualStudioVersion = 16.0.32002.261
MinimumVisualStudioVersion = 10.0.40219.1
Project("{9A19103F-16F7-4668-BE54-9A1E7A4F7556}") = "DatacomConsole", "DatacomExercise\DatacomConsole.csproj", "{61FBDFB4-F8F8-4DB6-96DA-05472888C744}"
EndProject
Project("{FAE04EC0-301F-11D3-BF4B-00C04F79EFBC}") = "TestProject", "TestProject\TestProject.csproj", "{EC47F461-47D9-46AC-A934-5B300BEFC4EC}"
EndProject
Global
	GlobalSection(SolutionConfigurationPlatforms) = preSolution
		Debug|Any CPU = Debug|Any CPU
		Release|Any CPU = Release|Any CPU
	EndGlobalSection
	GlobalSection(ProjectConfigurationPlatforms) = postSolution
		{61FBDFB4-F8F8-4DB6-96DA-05472888C744}.Debug|Any CPU.ActiveCfg = Debug|Any CPU
		{61FBDFB4-F8F8-4DB6-96DA-05472888C744}.Debug|Any CPU.Build.0 = Debug|Any CPU
		{61FBDFB4-F8F8-4DB6-96DA-05472888C744}.Release|Any CPU.ActiveCfg = Release|Any CPU
		{61FBDFB4-F8F8-4DB6-96DA-05472888C744}.Release|Any CPU.Build.0 = Release|Any CPU
		{EC47F461-47D9-46AC-A934-5B300BEFC4EC}.Debug|Any CPU.ActiveCfg = Debug|Any CPU
		{EC47F461-47D9-46AC-A934-5B300BEFC4EC}.Debug|Any CPU.Build.0 = Debug|Any CPU
		{EC47F461-47D9-46AC-A934-5B300BEFC4EC}.Release|Any CPU.ActiveCfg = Release|Any CPU
		{EC47F461-47D9-46AC-A934-5B300BEFC4EC}.Release|Any CPU.Build.0 = Release|Any CPU
	EndGlobalSection
	GlobalSection(SolutionProperties) = preSolution
		HideSolutionNode = FALSE
	EndGlobalSection
	GlobalSection(ExtensibilityGlobals) = postSolution
		SolutionGuid = {F2B8B7FA-AF44-4473-9864-440D99F1D602}
	EndGlobalSection
EndGlobal
